<?xml version="1.0" encoding="utf-8"?>
<Project ToolsVersion="4.0" xmlns="http://schemas.microsoft.com/developer/msbuild/2003">
  <ItemGroup>
    <Filter Include="imgui">
      <UniqueIdentifier>{0587d7a3-f2ce-4d56-b84f-a0005d3bfce6}</UniqueIdentifier>
    </Filter>
    <Filter Include="sources">
      <UniqueIdentifier>{08e36723-ce4f-4cff-9662-c40801cf1acf}</UniqueIdentifier>
    </Filter>
    <Filter Include="decoder">
      <UniqueIdentifier>{f02b058b-a8ae-4b30-ba69-cfebdf440837}</UniqueIdentifier>
    </Filter>
  </ItemGroup>
  <ItemGroup>
    <ClInclude Include="..\..\..\third_party\imgui\imconfig.h">
      <Filter>imgui</Filter>
    </ClInclude>
    <ClInclude Include="..\..\..\third_party\imgui\imgui.h">
      <Filter>imgui</Filter>
    </ClInclude>
    <ClInclude Include="..\..\..\third_party\imgui\imgui_internal.h">
      <Filter>imgui</Filter>
    </ClInclude>
    <ClInclude Include="..\..\..\third_party\imgui\backends\imgui_impl_win32.h">
      <Filter>sources</Filter>
    </ClInclude>
    <ClInclude Include="..\..\..\third_party\imgui\backends\imgui_impl_dx11.h">
      <Filter>sources</Filter>
    </ClInclude>
    <ClInclude Include="..\..\..\decoder\src\decoder.hpp">
      <Filter>decoder</Filter>
    </ClInclude>
    <ClInclude Include="..\..\..\decoder\src\decoder_android.hpp">
      <Filter>decoder</Filter>
    </ClInclude>
    <ClInclude Include="..\..\..\decoder\src\decoder_apple.hpp">
      <Filter>decoder</Filter>
    </ClInclude>
    <ClInclude Include="..\..\..\decoder\src\decoder_ui.hpp">
      <Filter>decoder</Filter>
    </ClInclude>
    <ClInclude Include="..\..\..\decoder\src\decoder_windows.hpp">
      <Filter>decoder</Filter>
    </ClInclude>
    <ClInclude Include="..\..\..\decoder\src\decoder_windows_guid.hpp">
      <Filter>decoder</Filter>
    </ClInclude>
    <ClInclude Include="..\..\..\decoder\src\logger.hpp">
      <Filter>decoder</Filter>
    </ClInclude>
  </ItemGroup>
  <ItemGroup>
    <ClCompile Include="..\..\..\third_party\imgui\imgui.cpp">
      <Filter>imgui</Filter>
    </ClCompile>
    <ClCompile Include="main.cpp">
      <Filter>sources</Filter>
    </ClCompile>
    <ClCompile Include="..\..\..\third_party\imgui\imgui_demo.cpp">
      <Filter>imgui</Filter>
    </ClCompile>
    <ClCompile Include="..\..\..\third_party\imgui\imgui_draw.cpp">
      <Filter>imgui</Filter>
    </ClCompile>
    <ClCompile Include="..\..\..\third_party\imgui\imgui_widgets.cpp">
      <Filter>imgui</Filter>
    </ClCompile>
    <ClCompile Include="..\..\..\third_party\imgui\backends\imgui_impl_win32.cpp">
      <Filter>sources</Filter>
    </ClCompile>
    <ClCompile Include="..\..\..\third_party\imgui\backends\imgui_impl_dx11.cpp">
      <Filter>sources</Filter>
    </ClCompile>
    <ClCompile Include="..\..\..\third_party\imgui\imgui_tables.cpp">
      <Filter>imgui</Filter>
    </ClCompile>
    <ClCompile Include="..\..\..\decoder\src\decoder.cpp">
      <Filter>decoder</Filter>
    </ClCompile>
    <ClCompile Include="..\..\..\decoder\src\decoder_android.cpp">
      <Filter>decoder</Filter>
    </ClCompile>
    <ClCompile Include="..\..\..\decoder\src\decoder_ui.cpp">
      <Filter>decoder</Filter>
    </ClCompile>
    <ClCompile Include="..\..\..\decoder\src\decoder_windows.cpp">
      <Filter>decoder</Filter>
    </ClCompile>
    <ClCompile Include="..\..\..\decoder\src\logger.cpp">
      <Filter>decoder</Filter>
    </ClCompile>
    <ClCompile Include="..\..\..\decoder\src\MfDX11UnityDecoder.cpp">
      <Filter>decoder</Filter>
    </ClCompile>
  </ItemGroup>
  <ItemGroup>
    <None Include="..\README.txt" />
    <None Include="..\..\..\third_party\imgui\misc\debuggers\imgui.natvis">
      <Filter>imgui</Filter>
    </None>
    <None Include="..\..\..\third_party\imgui\misc\debuggers\imgui.natstepfilter">
      <Filter>imgui</Filter>
    </None>
    <None Include="..\..\..\decoder\src\decoder_apple.mm">
      <Filter>decoder</Filter>
    </None>
  </ItemGroup>
</Project>